// !$*UTF8*$!
{
	archiveVersion = 1;
	classes = {
	};
	objectVersion = 46;
	objects = {

/* Begin PBXBuildFile section */
		EA3F10A0184F3F13007CD424 /* enemies in Resources */ = {isa = PBXBuildFile; fileRef = EA3F109C184F3F13007CD424 /* enemies */; };
		EA3F10A1184F3F13007CD424 /* items in Resources */ = {isa = PBXBuildFile; fileRef = EA3F109D184F3F13007CD424 /* items */; };
		EA3F10A2184F3F13007CD424 /* player in Resources */ = {isa = PBXBuildFile; fileRef = EA3F109E184F3F13007CD424 /* player */; };
		EA3F10A3184F3F13007CD424 /* powerups in Resources */ = {isa = PBXBuildFile; fileRef = EA3F109F184F3F13007CD424 /* powerups */; };
		EA66955218448E9B00AF6A87 /* Foundation.framework in Frameworks */ = {isa = PBXBuildFile; fileRef = EA66955118448E9B00AF6A87 /* Foundation.framework */; };
		EA66955418448E9B00AF6A87 /* CoreGraphics.framework in Frameworks */ = {isa = PBXBuildFile; fileRef = EA66955318448E9B00AF6A87 /* CoreGraphics.framework */; };
		EA66955618448E9B00AF6A87 /* UIKit.framework in Frameworks */ = {isa = PBXBuildFile; fileRef = EA66955518448E9B00AF6A87 /* UIKit.framework */; };
		EA66955818448E9B00AF6A87 /* SpriteKit.framework in Frameworks */ = {isa = PBXBuildFile; fileRef = EA66955718448E9B00AF6A87 /* SpriteKit.framework */; };
		EA66955E18448E9B00AF6A87 /* InfoPlist.strings in Resources */ = {isa = PBXBuildFile; fileRef = EA66955C18448E9B00AF6A87 /* InfoPlist.strings */; };
		EA66956018448E9B00AF6A87 /* main.m in Sources */ = {isa = PBXBuildFile; fileRef = EA66955F18448E9B00AF6A87 /* main.m */; };
		EA66956418448E9B00AF6A87 /* AppDelegate.m in Sources */ = {isa = PBXBuildFile; fileRef = EA66956318448E9B00AF6A87 /* AppDelegate.m */; };
		EA66956718448E9B00AF6A87 /* Main.storyboard in Resources */ = {isa = PBXBuildFile; fileRef = EA66956518448E9B00AF6A87 /* Main.storyboard */; };
		EA66956A18448E9B00AF6A87 /* ViewController.m in Sources */ = {isa = PBXBuildFile; fileRef = EA66956918448E9B00AF6A87 /* ViewController.m */; };
		EA66956D18448E9B00AF6A87 /* StartScene.m in Sources */ = {isa = PBXBuildFile; fileRef = EA66956C18448E9B00AF6A87 /* StartScene.m */; };
		EA66957118448E9B00AF6A87 /* Images.xcassets in Resources */ = {isa = PBXBuildFile; fileRef = EA66957018448E9B00AF6A87 /* Images.xcassets */; };
		EA66957818448E9B00AF6A87 /* XCTest.framework in Frameworks */ = {isa = PBXBuildFile; fileRef = EA66957718448E9B00AF6A87 /* XCTest.framework */; };
		EA66957918448E9B00AF6A87 /* Foundation.framework in Frameworks */ = {isa = PBXBuildFile; fileRef = EA66955118448E9B00AF6A87 /* Foundation.framework */; };
		EA66957A18448E9B00AF6A87 /* UIKit.framework in Frameworks */ = {isa = PBXBuildFile; fileRef = EA66955518448E9B00AF6A87 /* UIKit.framework */; };
		EA6695921844A08A00AF6A87 /* GameScene.m in Sources */ = {isa = PBXBuildFile; fileRef = EA6695911844A08A00AF6A87 /* GameScene.m */; };
		EA6695951844A13900AF6A87 /* AchievementsScene.m in Sources */ = {isa = PBXBuildFile; fileRef = EA6695941844A13900AF6A87 /* AchievementsScene.m */; };
		EA6695991844A69100AF6A87 /* Pause.m in Sources */ = {isa = PBXBuildFile; fileRef = EA6695981844A69100AF6A87 /* Pause.m */; };
		EA6698F1184B839200AF6A87 /* World.m in Sources */ = {isa = PBXBuildFile; fileRef = EA6698F0184B839200AF6A87 /* World.m */; };
		EA6698F4184B83D400AF6A87 /* Player.m in Sources */ = {isa = PBXBuildFile; fileRef = EA6698F3184B83D400AF6A87 /* Player.m */; };
		EA6698F7184B845500AF6A87 /* Background.m in Sources */ = {isa = PBXBuildFile; fileRef = EA6698F6184B845500AF6A87 /* Background.m */; };
		EA6698FA184B846D00AF6A87 /* Item.m in Sources */ = {isa = PBXBuildFile; fileRef = EA6698F9184B846D00AF6A87 /* Item.m */; };
		EA6698FD184BA9CD00AF6A87 /* Enemy.m in Sources */ = {isa = PBXBuildFile; fileRef = EA6698FC184BA9CD00AF6A87 /* Enemy.m */; };
/* End PBXBuildFile section */

/* Begin PBXContainerItemProxy section */
		EA66957B18448E9B00AF6A87 /* PBXContainerItemProxy */ = {
			isa = PBXContainerItemProxy;
			containerPortal = EA66954618448E9B00AF6A87 /* Project object */;
			proxyType = 1;
			remoteGlobalIDString = EA66954D18448E9B00AF6A87;
			remoteInfo = Game;
		};
/* End PBXContainerItemProxy section */

/* Begin PBXFileReference section */
		EA3F109C184F3F13007CD424 /* enemies */ = {isa = PBXFileReference; lastKnownFileType = folder; path = enemies; sourceTree = "<group>"; };
		EA3F109D184F3F13007CD424 /* items */ = {isa = PBXFileReference; lastKnownFileType = folder; path = items; sourceTree = "<group>"; };
		EA3F109E184F3F13007CD424 /* player */ = {isa = PBXFileReference; lastKnownFileType = folder; path = player; sourceTree = "<group>"; };
		EA3F109F184F3F13007CD424 /* powerups */ = {isa = PBXFileReference; lastKnownFileType = folder; path = powerups; sourceTree = "<group>"; };
		EA66954E18448E9B00AF6A87 /* Game.app */ = {isa = PBXFileReference; explicitFileType = wrapper.application; includeInIndex = 0; path = Game.app; sourceTree = BUILT_PRODUCTS_DIR; };
		EA66955118448E9B00AF6A87 /* Foundation.framework */ = {isa = PBXFileReference; lastKnownFileType = wrapper.framework; name = Foundation.framework; path = System/Library/Frameworks/Foundation.framework; sourceTree = SDKROOT; };
		EA66955318448E9B00AF6A87 /* CoreGraphics.framework */ = {isa = PBXFileReference; lastKnownFileType = wrapper.framework; name = CoreGraphics.framework; path = System/Library/Frameworks/CoreGraphics.framework; sourceTree = SDKROOT; };
		EA66955518448E9B00AF6A87 /* UIKit.framework */ = {isa = PBXFileReference; lastKnownFileType = wrapper.framework; name = UIKit.framework; path = System/Library/Frameworks/UIKit.framework; sourceTree = SDKROOT; };
		EA66955718448E9B00AF6A87 /* SpriteKit.framework */ = {isa = PBXFileReference; lastKnownFileType = wrapper.framework; name = SpriteKit.framework; path = System/Library/Frameworks/SpriteKit.framework; sourceTree = SDKROOT; };
		EA66955B18448E9B00AF6A87 /* Game-Info.plist */ = {isa = PBXFileReference; lastKnownFileType = text.plist.xml; path = "Game-Info.plist"; sourceTree = "<group>"; };
		EA66955D18448E9B00AF6A87 /* en */ = {isa = PBXFileReference; lastKnownFileType = text.plist.strings; name = en; path = en.lproj/InfoPlist.strings; sourceTree = "<group>"; };
		EA66955F18448E9B00AF6A87 /* main.m */ = {isa = PBXFileReference; lastKnownFileType = sourcecode.c.objc; path = main.m; sourceTree = "<group>"; };
		EA66956118448E9B00AF6A87 /* Game-Prefix.pch */ = {isa = PBXFileReference; lastKnownFileType = sourcecode.c.h; path = "Game-Prefix.pch"; sourceTree = "<group>"; };
		EA66956218448E9B00AF6A87 /* AppDelegate.h */ = {isa = PBXFileReference; lastKnownFileType = sourcecode.c.h; path = AppDelegate.h; sourceTree = "<group>"; };
		EA66956318448E9B00AF6A87 /* AppDelegate.m */ = {isa = PBXFileReference; lastKnownFileType = sourcecode.c.objc; path = AppDelegate.m; sourceTree = "<group>"; };
		EA66956618448E9B00AF6A87 /* Base */ = {isa = PBXFileReference; lastKnownFileType = file.storyboard; name = Base; path = Base.lproj/Main.storyboard; sourceTree = "<group>"; };
		EA66956818448E9B00AF6A87 /* ViewController.h */ = {isa = PBXFileReference; lastKnownFileType = sourcecode.c.h; path = ViewController.h; sourceTree = "<group>"; };
		EA66956918448E9B00AF6A87 /* ViewController.m */ = {isa = PBXFileReference; lastKnownFileType = sourcecode.c.objc; path = ViewController.m; sourceTree = "<group>"; };
		EA66956B18448E9B00AF6A87 /* StartScene.h */ = {isa = PBXFileReference; lastKnownFileType = sourcecode.c.h; path = StartScene.h; sourceTree = "<group>"; };
		EA66956C18448E9B00AF6A87 /* StartScene.m */ = {isa = PBXFileReference; lastKnownFileType = sourcecode.c.objc; path = StartScene.m; sourceTree = "<group>"; };
		EA66957018448E9B00AF6A87 /* Images.xcassets */ = {isa = PBXFileReference; lastKnownFileType = folder.assetcatalog; path = Images.xcassets; sourceTree = "<group>"; };
		EA66957618448E9B00AF6A87 /* GameTests.xctest */ = {isa = PBXFileReference; explicitFileType = wrapper.cfbundle; includeInIndex = 0; path = GameTests.xctest; sourceTree = BUILT_PRODUCTS_DIR; };
		EA66957718448E9B00AF6A87 /* XCTest.framework */ = {isa = PBXFileReference; lastKnownFileType = wrapper.framework; name = XCTest.framework; path = Library/Frameworks/XCTest.framework; sourceTree = DEVELOPER_DIR; };
		EA6695901844A08A00AF6A87 /* GameScene.h */ = {isa = PBXFileReference; fileEncoding = 4; lastKnownFileType = sourcecode.c.h; path = GameScene.h; sourceTree = "<group>"; };
		EA6695911844A08A00AF6A87 /* GameScene.m */ = {isa = PBXFileReference; fileEncoding = 4; lastKnownFileType = sourcecode.c.objc; path = GameScene.m; sourceTree = "<group>"; };
		EA6695931844A13900AF6A87 /* AchievementsScene.h */ = {isa = PBXFileReference; fileEncoding = 4; lastKnownFileType = sourcecode.c.h; path = AchievementsScene.h; sourceTree = "<group>"; };
		EA6695941844A13900AF6A87 /* AchievementsScene.m */ = {isa = PBXFileReference; fileEncoding = 4; lastKnownFileType = sourcecode.c.objc; path = AchievementsScene.m; sourceTree = "<group>"; };
		EA6695971844A69100AF6A87 /* Pause.h */ = {isa = PBXFileReference; fileEncoding = 4; lastKnownFileType = sourcecode.c.h; path = Pause.h; sourceTree = "<group>"; };
		EA6695981844A69100AF6A87 /* Pause.m */ = {isa = PBXFileReference; fileEncoding = 4; lastKnownFileType = sourcecode.c.objc; path = Pause.m; sourceTree = "<group>"; };
		EA6698EF184B839200AF6A87 /* World.h */ = {isa = PBXFileReference; fileEncoding = 4; lastKnownFileType = sourcecode.c.h; path = World.h; sourceTree = "<group>"; };
		EA6698F0184B839200AF6A87 /* World.m */ = {isa = PBXFileReference; fileEncoding = 4; lastKnownFileType = sourcecode.c.objc; path = World.m; sourceTree = "<group>"; };
		EA6698F2184B83D400AF6A87 /* Player.h */ = {isa = PBXFileReference; fileEncoding = 4; lastKnownFileType = sourcecode.c.h; path = Player.h; sourceTree = "<group>"; };
		EA6698F3184B83D400AF6A87 /* Player.m */ = {isa = PBXFileReference; fileEncoding = 4; lastKnownFileType = sourcecode.c.objc; path = Player.m; sourceTree = "<group>"; };
		EA6698F5184B845500AF6A87 /* Background.h */ = {isa = PBXFileReference; fileEncoding = 4; lastKnownFileType = sourcecode.c.h; path = Background.h; sourceTree = "<group>"; };
		EA6698F6184B845500AF6A87 /* Background.m */ = {isa = PBXFileReference; fileEncoding = 4; lastKnownFileType = sourcecode.c.objc; path = Background.m; sourceTree = "<group>"; };
		EA6698F8184B846D00AF6A87 /* Item.h */ = {isa = PBXFileReference; fileEncoding = 4; lastKnownFileType = sourcecode.c.h; path = Item.h; sourceTree = "<group>"; };
		EA6698F9184B846D00AF6A87 /* Item.m */ = {isa = PBXFileReference; fileEncoding = 4; lastKnownFileType = sourcecode.c.objc; path = Item.m; sourceTree = "<group>"; };
		EA6698FB184BA9CD00AF6A87 /* Enemy.h */ = {isa = PBXFileReference; fileEncoding = 4; lastKnownFileType = sourcecode.c.h; path = Enemy.h; sourceTree = "<group>"; };
		EA6698FC184BA9CD00AF6A87 /* Enemy.m */ = {isa = PBXFileReference; fileEncoding = 4; lastKnownFileType = sourcecode.c.objc; path = Enemy.m; sourceTree = "<group>"; };
/* End PBXFileReference section */

/* Begin PBXFrameworksBuildPhase section */
		EA66954B18448E9B00AF6A87 /* Frameworks */ = {
			isa = PBXFrameworksBuildPhase;
			buildActionMask = 2147483647;
			files = (
				EA66955418448E9B00AF6A87 /* CoreGraphics.framework in Frameworks */,
				EA66955618448E9B00AF6A87 /* UIKit.framework in Frameworks */,
				EA66955818448E9B00AF6A87 /* SpriteKit.framework in Frameworks */,
				EA66955218448E9B00AF6A87 /* Foundation.framework in Frameworks */,
			);
			runOnlyForDeploymentPostprocessing = 0;
		};
		EA66957318448E9B00AF6A87 /* Frameworks */ = {
			isa = PBXFrameworksBuildPhase;
			buildActionMask = 2147483647;
			files = (
				EA66957818448E9B00AF6A87 /* XCTest.framework in Frameworks */,
				EA66957A18448E9B00AF6A87 /* UIKit.framework in Frameworks */,
				EA66957918448E9B00AF6A87 /* Foundation.framework in Frameworks */,
			);
			runOnlyForDeploymentPostprocessing = 0;
		};
/* End PBXFrameworksBuildPhase section */

/* Begin PBXGroup section */
		E8469B9B184CDCCA00D1BC42 /* Pause */ = {
			isa = PBXGroup;
			children = (
				EA6695971844A69100AF6A87 /* Pause.h */,
				EA6695981844A69100AF6A87 /* Pause.m */,
			);
			name = Pause;
			sourceTree = "<group>";
		};
		E8469B9C184CDCD900D1BC42 /* World */ = {
			isa = PBXGroup;
			children = (
				EA6698EF184B839200AF6A87 /* World.h */,
				EA6698F0184B839200AF6A87 /* World.m */,
			);
			name = World;
			sourceTree = "<group>";
		};
		E8469B9D184CDCDF00D1BC42 /* Player */ = {
			isa = PBXGroup;
			children = (
				EA6698F2184B83D400AF6A87 /* Player.h */,
				EA6698F3184B83D400AF6A87 /* Player.m */,
			);
			name = Player;
			sourceTree = "<group>";
		};
		E8469B9E184CDCF000D1BC42 /* Background */ = {
			isa = PBXGroup;
			children = (
				EA6698F5184B845500AF6A87 /* Background.h */,
				EA6698F6184B845500AF6A87 /* Background.m */,
			);
			name = Background;
			sourceTree = "<group>";
		};
		E8469B9F184CDCF700D1BC42 /* Item */ = {
			isa = PBXGroup;
			children = (
				EA6698F8184B846D00AF6A87 /* Item.h */,
				EA6698F9184B846D00AF6A87 /* Item.m */,
			);
			name = Item;
			sourceTree = "<group>";
		};
		E8469BA0184CDD9E00D1BC42 /* GameScene */ = {
			isa = PBXGroup;
			children = (
				EA6695901844A08A00AF6A87 /* GameScene.h */,
				EA6695911844A08A00AF6A87 /* GameScene.m */,
			);
			name = GameScene;
			sourceTree = "<group>";
		};
		E8469BA1184CDDBD00D1BC42 /* Enemy */ = {
			isa = PBXGroup;
			children = (
				EA6698FB184BA9CD00AF6A87 /* Enemy.h */,
				EA6698FC184BA9CD00AF6A87 /* Enemy.m */,
			);
			name = Enemy;
			sourceTree = "<group>";
		};
		EA3F1041184F1BCB007CD424 /* Setup */ = {
			isa = PBXGroup;
			children = (
				EA66956218448E9B00AF6A87 /* AppDelegate.h */,
				EA66956318448E9B00AF6A87 /* AppDelegate.m */,
				EA66956818448E9B00AF6A87 /* ViewController.h */,
				EA66956918448E9B00AF6A87 /* ViewController.m */,
			);
			name = Setup;
			sourceTree = "<group>";
		};
		EA3F1042184F1BE5007CD424 /* Start */ = {
			isa = PBXGroup;
			children = (
				EA66956B18448E9B00AF6A87 /* StartScene.h */,
				EA66956C18448E9B00AF6A87 /* StartScene.m */,
			);
			name = Start;
			sourceTree = "<group>";
		};
		EA3F1043184F1BF3007CD424 /* Achievements */ = {
			isa = PBXGroup;
			children = (
				EA6695931844A13900AF6A87 /* AchievementsScene.h */,
				EA6695941844A13900AF6A87 /* AchievementsScene.m */,
			);
			name = Achievements;
			sourceTree = "<group>";
		};
		EA3F1084184F2085007CD424 /* images */ = {
			isa = PBXGroup;
			children = (
				EA3F109C184F3F13007CD424 /* enemies */,
				EA3F109D184F3F13007CD424 /* items */,
				EA3F109E184F3F13007CD424 /* player */,
				EA3F109F184F3F13007CD424 /* powerups */,
			);
			name = images;
			path = Game/images;
			sourceTree = "<group>";
		};
		EA66954518448E9B00AF6A87 = {
			isa = PBXGroup;
			children = (
				EA3F1084184F2085007CD424 /* images */,
				EA66955918448E9B00AF6A87 /* Game */,
				EA66955018448E9B00AF6A87 /* Frameworks */,
				EA66954F18448E9B00AF6A87 /* Products */,
			);
			sourceTree = "<group>";
		};
		EA66954F18448E9B00AF6A87 /* Products */ = {
			isa = PBXGroup;
			children = (
				EA66954E18448E9B00AF6A87 /* Game.app */,
				EA66957618448E9B00AF6A87 /* GameTests.xctest */,
			);
			name = Products;
			sourceTree = "<group>";
		};
		EA66955018448E9B00AF6A87 /* Frameworks */ = {
			isa = PBXGroup;
			children = (
				EA66955118448E9B00AF6A87 /* Foundation.framework */,
				EA66955318448E9B00AF6A87 /* CoreGraphics.framework */,
				EA66955518448E9B00AF6A87 /* UIKit.framework */,
				EA66955718448E9B00AF6A87 /* SpriteKit.framework */,
				EA66957718448E9B00AF6A87 /* XCTest.framework */,
			);
			name = Frameworks;
			sourceTree = "<group>";
		};
		EA66955918448E9B00AF6A87 /* Game */ = {
			isa = PBXGroup;
			children = (
				EA3F1041184F1BCB007CD424 /* Setup */,
				EA3F1042184F1BE5007CD424 /* Start */,
				EA3F1043184F1BF3007CD424 /* Achievements */,
				EA66958F1844A07600AF6A87 /* Game */,
				EA66956518448E9B00AF6A87 /* Main.storyboard */,
				EA66957018448E9B00AF6A87 /* Images.xcassets */,
				EA66955A18448E9B00AF6A87 /* Supporting Files */,
			);
			path = Game;
			sourceTree = "<group>";
		};
		EA66955A18448E9B00AF6A87 /* Supporting Files */ = {
			isa = PBXGroup;
			children = (
				EA66955B18448E9B00AF6A87 /* Game-Info.plist */,
				EA66955C18448E9B00AF6A87 /* InfoPlist.strings */,
				EA66955F18448E9B00AF6A87 /* main.m */,
				EA66956118448E9B00AF6A87 /* Game-Prefix.pch */,
			);
			name = "Supporting Files";
			sourceTree = "<group>";
		};
		EA66958F1844A07600AF6A87 /* Game */ = {
			isa = PBXGroup;
			children = (
				EA6695961844A62900AF6A87 /* Layers */,
				E8469BA0184CDD9E00D1BC42 /* GameScene */,
			);
			name = Game;
			sourceTree = "<group>";
		};
		EA6695961844A62900AF6A87 /* Layers */ = {
			isa = PBXGroup;
			children = (
				E8469B9B184CDCCA00D1BC42 /* Pause */,
				E8469B9C184CDCD900D1BC42 /* World */,
				E8469B9D184CDCDF00D1BC42 /* Player */,
				E8469B9E184CDCF000D1BC42 /* Background */,
				E8469B9F184CDCF700D1BC42 /* Item */,
				E8469BA1184CDDBD00D1BC42 /* Enemy */,
			);
			name = Layers;
			sourceTree = "<group>";
		};
/* End PBXGroup section */

/* Begin PBXNativeTarget section */
		EA66954D18448E9B00AF6A87 /* Game */ = {
			isa = PBXNativeTarget;
			buildConfigurationList = EA66958718448E9B00AF6A87 /* Build configuration list for PBXNativeTarget "Game" */;
			buildPhases = (
				EA66954A18448E9B00AF6A87 /* Sources */,
				EA66954B18448E9B00AF6A87 /* Frameworks */,
				EA66954C18448E9B00AF6A87 /* Resources */,
			);
			buildRules = (
			);
			dependencies = (
			);
			name = Game;
			productName = Game;
			productReference = EA66954E18448E9B00AF6A87 /* Game.app */;
			productType = "com.apple.product-type.application";
		};
		EA66957518448E9B00AF6A87 /* GameTests */ = {
			isa = PBXNativeTarget;
			buildConfigurationList = EA66958A18448E9B00AF6A87 /* Build configuration list for PBXNativeTarget "GameTests" */;
			buildPhases = (
				EA66957218448E9B00AF6A87 /* Sources */,
				EA66957318448E9B00AF6A87 /* Frameworks */,
				EA66957418448E9B00AF6A87 /* Resources */,
			);
			buildRules = (
			);
			dependencies = (
				EA66957C18448E9B00AF6A87 /* PBXTargetDependency */,
			);
			name = GameTests;
			productName = GameTests;
			productReference = EA66957618448E9B00AF6A87 /* GameTests.xctest */;
			productType = "com.apple.product-type.bundle.unit-test";
		};
/* End PBXNativeTarget section */

/* Begin PBXProject section */
		EA66954618448E9B00AF6A87 /* Project object */ = {
			isa = PBXProject;
			attributes = {
				LastUpgradeCheck = 0500;
				ORGANIZATIONNAME = Devine;
				TargetAttributes = {
					EA66954D18448E9B00AF6A87 = {
						DevelopmentTeam = 9RZW73LTB7;
					};
					EA66957518448E9B00AF6A87 = {
						TestTargetID = EA66954D18448E9B00AF6A87;
					};
				};
			};
			buildConfigurationList = EA66954918448E9B00AF6A87 /* Build configuration list for PBXProject "Game" */;
			compatibilityVersion = "Xcode 3.2";
			developmentRegion = English;
			hasScannedForEncodings = 0;
			knownRegions = (
				en,
				Base,
			);
			mainGroup = EA66954518448E9B00AF6A87;
			productRefGroup = EA66954F18448E9B00AF6A87 /* Products */;
			projectDirPath = "";
			projectRoot = "";
			targets = (
				EA66954D18448E9B00AF6A87 /* Game */,
				EA66957518448E9B00AF6A87 /* GameTests */,
			);
		};
/* End PBXProject section */

/* Begin PBXResourcesBuildPhase section */
		EA66954C18448E9B00AF6A87 /* Resources */ = {
			isa = PBXResourcesBuildPhase;
			buildActionMask = 2147483647;
			files = (
				EA3F10A1184F3F13007CD424 /* items in Resources */,
				EA66955E18448E9B00AF6A87 /* InfoPlist.strings in Resources */,
				EA3F10A0184F3F13007CD424 /* enemies in Resources */,
				EA3F10A2184F3F13007CD424 /* player in Resources */,
				EA66957118448E9B00AF6A87 /* Images.xcassets in Resources */,
				EA3F10A3184F3F13007CD424 /* powerups in Resources */,
				EA66956718448E9B00AF6A87 /* Main.storyboard in Resources */,
			);
			runOnlyForDeploymentPostprocessing = 0;
		};
		EA66957418448E9B00AF6A87 /* Resources */ = {
			isa = PBXResourcesBuildPhase;
			buildActionMask = 2147483647;
			files = (
			);
			runOnlyForDeploymentPostprocessing = 0;
		};
/* End PBXResourcesBuildPhase section */

/* Begin PBXSourcesBuildPhase section */
		EA66954A18448E9B00AF6A87 /* Sources */ = {
			isa = PBXSourcesBuildPhase;
			buildActionMask = 2147483647;
			files = (
				EA6698FA184B846D00AF6A87 /* Item.m in Sources */,
				EA66956D18448E9B00AF6A87 /* StartScene.m in Sources */,
				EA66956A18448E9B00AF6A87 /* ViewController.m in Sources */,
				EA6695951844A13900AF6A87 /* AchievementsScene.m in Sources */,
				EA6698F7184B845500AF6A87 /* Background.m in Sources */,
				EA6695921844A08A00AF6A87 /* GameScene.m in Sources */,
				EA6698FD184BA9CD00AF6A87 /* Enemy.m in Sources */,
				EA6698F1184B839200AF6A87 /* World.m in Sources */,
				EA6695991844A69100AF6A87 /* Pause.m in Sources */,
				EA66956418448E9B00AF6A87 /* AppDelegate.m in Sources */,
				EA6698F4184B83D400AF6A87 /* Player.m in Sources */,
				EA66956018448E9B00AF6A87 /* main.m in Sources */,
			);
			runOnlyForDeploymentPostprocessing = 0;
		};
		EA66957218448E9B00AF6A87 /* Sources */ = {
			isa = PBXSourcesBuildPhase;
			buildActionMask = 2147483647;
			files = (
			);
			runOnlyForDeploymentPostprocessing = 0;
		};
/* End PBXSourcesBuildPhase section */

/* Begin PBXTargetDependency section */
		EA66957C18448E9B00AF6A87 /* PBXTargetDependency */ = {
			isa = PBXTargetDependency;
			target = EA66954D18448E9B00AF6A87 /* Game */;
			targetProxy = EA66957B18448E9B00AF6A87 /* PBXContainerItemProxy */;
		};
/* End PBXTargetDependency section */

/* Begin PBXVariantGroup section */
		EA66955C18448E9B00AF6A87 /* InfoPlist.strings */ = {
			isa = PBXVariantGroup;
			children = (
				EA66955D18448E9B00AF6A87 /* en */,
			);
			name = InfoPlist.strings;
			sourceTree = "<group>";
		};
		EA66956518448E9B00AF6A87 /* Main.storyboard */ = {
			isa = PBXVariantGroup;
			children = (
				EA66956618448E9B00AF6A87 /* Base */,
			);
			name = Main.storyboard;
			sourceTree = "<group>";
		};
/* End PBXVariantGroup section */

/* Begin XCBuildConfiguration section */
		EA66958518448E9B00AF6A87 /* Debug */ = {
			isa = XCBuildConfiguration;
			buildSettings = {
				ALWAYS_SEARCH_USER_PATHS = NO;
				ARCHS = "$(ARCHS_STANDARD_INCLUDING_64_BIT)";
				CLANG_CXX_LANGUAGE_STANDARD = "gnu++0x";
				CLANG_CXX_LIBRARY = "libc++";
				CLANG_ENABLE_MODULES = YES;
				CLANG_ENABLE_OBJC_ARC = YES;
				CLANG_WARN_BOOL_CONVERSION = YES;
				CLANG_WARN_CONSTANT_CONVERSION = YES;
				CLANG_WARN_DIRECT_OBJC_ISA_USAGE = YES_ERROR;
				CLANG_WARN_EMPTY_BODY = YES;
				CLANG_WARN_ENUM_CONVERSION = YES;
				CLANG_WARN_INT_CONVERSION = YES;
				CLANG_WARN_OBJC_ROOT_CLASS = YES_ERROR;
				CLANG_WARN__DUPLICATE_METHOD_MATCH = YES;
				"CODE_SIGN_IDENTITY[sdk=iphoneos*]" = "iPhone Developer";
				COPY_PHASE_STRIP = NO;
				GCC_C_LANGUAGE_STANDARD = gnu99;
				GCC_DYNAMIC_NO_PIC = NO;
				GCC_OPTIMIZATION_LEVEL = 0;
				GCC_PREPROCESSOR_DEFINITIONS = (
					"DEBUG=1",
					"$(inherited)",
				);
				GCC_SYMBOLS_PRIVATE_EXTERN = NO;
				GCC_WARN_64_TO_32_BIT_CONVERSION = YES;
				GCC_WARN_ABOUT_RETURN_TYPE = YES_ERROR;
				GCC_WARN_UNDECLARED_SELECTOR = YES;
				GCC_WARN_UNINITIALIZED_AUTOS = YES;
				GCC_WARN_UNUSED_FUNCTION = YES;
				GCC_WARN_UNUSED_VARIABLE = YES;
				IPHONEOS_DEPLOYMENT_TARGET = 7.0;
				ONLY_ACTIVE_ARCH = YES;
				SDKROOT = iphoneos;
			};
			name = Debug;
		};
		EA66958618448E9B00AF6A87 /* Release */ = {
			isa = XCBuildConfiguration;
			buildSettings = {
				ALWAYS_SEARCH_USER_PATHS = NO;
				ARCHS = "$(ARCHS_STANDARD_INCLUDING_64_BIT)";
				CLANG_CXX_LANGUAGE_STANDARD = "gnu++0x";
				CLANG_CXX_LIBRARY = "libc++";
				CLANG_ENABLE_MODULES = YES;
				CLANG_ENABLE_OBJC_ARC = YES;
				CLANG_WARN_BOOL_CONVERSION = YES;
				CLANG_WARN_CONSTANT_CONVERSION = YES;
				CLANG_WARN_DIRECT_OBJC_ISA_USAGE = YES_ERROR;
				CLANG_WARN_EMPTY_BODY = YES;
				CLANG_WARN_ENUM_CONVERSION = YES;
				CLANG_WARN_INT_CONVERSION = YES;
				CLANG_WARN_OBJC_ROOT_CLASS = YES_ERROR;
				CLANG_WARN__DUPLICATE_METHOD_MATCH = YES;
				"CODE_SIGN_IDENTITY[sdk=iphoneos*]" = "iPhone Developer";
				COPY_PHASE_STRIP = YES;
				ENABLE_NS_ASSERTIONS = NO;
				GCC_C_LANGUAGE_STANDARD = gnu99;
				GCC_WARN_64_TO_32_BIT_CONVERSION = YES;
				GCC_WARN_ABOUT_RETURN_TYPE = YES_ERROR;
				GCC_WARN_UNDECLARED_SELECTOR = YES;
				GCC_WARN_UNINITIALIZED_AUTOS = YES;
				GCC_WARN_UNUSED_FUNCTION = YES;
				GCC_WARN_UNUSED_VARIABLE = YES;
				IPHONEOS_DEPLOYMENT_TARGET = 7.0;
				SDKROOT = iphoneos;
				VALIDATE_PRODUCT = YES;
			};
			name = Release;
		};
		EA66958818448E9B00AF6A87 /* Debug */ = {
			isa = XCBuildConfiguration;
			buildSettings = {
				ASSETCATALOG_COMPILER_APPICON_NAME = AppIcon;
				ASSETCATALOG_COMPILER_LAUNCHIMAGE_NAME = LaunchImage;
				CODE_SIGN_IDENTITY = "iPhone Developer";
				GCC_PRECOMPILE_PREFIX_HEADER = YES;
				GCC_PREFIX_HEADER = "Game/Game-Prefix.pch";
				INFOPLIST_FILE = "Game/Game-Info.plist";
				PRODUCT_NAME = "$(TARGET_NAME)";
				SPRITEKIT_TEXTURE_ATLAS_OUTPUT = YES;
				WRAPPER_EXTENSION = app;
			};
			name = Debug;
		};
		EA66958918448E9B00AF6A87 /* Release */ = {
			isa = XCBuildConfiguration;
			buildSettings = {
				ASSETCATALOG_COMPILER_APPICON_NAME = AppIcon;
				ASSETCATALOG_COMPILER_LAUNCHIMAGE_NAME = LaunchImage;
				CODE_SIGN_IDENTITY = "iPhone Developer";
				GCC_PRECOMPILE_PREFIX_HEADER = YES;
				GCC_PREFIX_HEADER = "Game/Game-Prefix.pch";
				INFOPLIST_FILE = "Game/Game-Info.plist";
				PRODUCT_NAME = "$(TARGET_NAME)";
				SPRITEKIT_TEXTURE_ATLAS_OUTPUT = YES;
				WRAPPER_EXTENSION = app;
			};
			name = Release;
		};
		EA66958B18448E9B00AF6A87 /* Debug */ = {
			isa = XCBuildConfiguration;
			buildSettings = {
				ARCHS = "$(ARCHS_STANDARD_INCLUDING_64_BIT)";
				BUNDLE_LOADER = "$(BUILT_PRODUCTS_DIR)/Game.app/Game";
				FRAMEWORK_SEARCH_PATHS = (
					"$(SDKROOT)/Developer/Library/Frameworks",
					"$(inherited)",
					"$(DEVELOPER_FRAMEWORKS_DIR)",
				);
				GCC_PRECOMPILE_PREFIX_HEADER = YES;
				GCC_PREFIX_HEADER = "Game/Game-Prefix.pch";
				GCC_PREPROCESSOR_DEFINITIONS = (
					"DEBUG=1",
					"$(inherited)",
				);
				INFOPLIST_FILE = "GameTests/GameTests-Info.plist";
				PRODUCT_NAME = "$(TARGET_NAME)";
				TEST_HOST = "$(BUNDLE_LOADER)";
				WRAPPER_EXTENSION = xctest;
			};
			name = Debug;
		};
		EA66958C18448E9B00AF6A87 /* Release */ = {
			isa = XCBuildConfiguration;
			buildSettings = {
				ARCHS = "$(ARCHS_STANDARD_INCLUDING_64_BIT)";
				BUNDLE_LOADER = "$(BUILT_PRODUCTS_DIR)/Game.app/Game";
				FRAMEWORK_SEARCH_PATHS = (
					"$(SDKROOT)/Developer/Library/Frameworks",
					"$(inherited)",
					"$(DEVELOPER_FRAMEWORKS_DIR)",
				);
				GCC_PRECOMPILE_PREFIX_HEADER = YES;
				GCC_PREFIX_HEADER = "Game/Game-Prefix.pch";
				INFOPLIST_FILE = "GameTests/GameTests-Info.plist";
				PRODUCT_NAME = "$(TARGET_NAME)";
				TEST_HOST = "$(BUNDLE_LOADER)";
				WRAPPER_EXTENSION = xctest;
			};
			name = Release;
		};
/* End XCBuildConfiguration section */

/* Begin XCConfigurationList section */
		EA66954918448E9B00AF6A87 /* Build configuration list for PBXProject "Game" */ = {
			isa = XCConfigurationList;
			buildConfigurations = (
				EA66958518448E9B00AF6A87 /* Debug */,
				EA66958618448E9B00AF6A87 /* Release */,
			);
			defaultConfigurationIsVisible = 0;
			defaultConfigurationName = Release;
		};
		EA66958718448E9B00AF6A87 /* Build configuration list for PBXNativeTarget "Game" */ = {
			isa = XCConfigurationList;
			buildConfigurations = (
				EA66958818448E9B00AF6A87 /* Debug */,
				EA66958918448E9B00AF6A87 /* Release */,
			);
			defaultConfigurationIsVisible = 0;
			defaultConfigurationName = Release;
		};
		EA66958A18448E9B00AF6A87 /* Build configuration list for PBXNativeTarget "GameTests" */ = {
			isa = XCConfigurationList;
			buildConfigurations = (
				EA66958B18448E9B00AF6A87 /* Debug */,
				EA66958C18448E9B00AF6A87 /* Release */,
			);
			defaultConfigurationIsVisible = 0;
			defaultConfigurationName = Release;
		};
/* End XCConfigurationList section */
	};
	rootObject = EA66954618448E9B00AF6A87 /* Project object */;
}
